{
  "name": "naimuri_test",
  "version": "1.0.0",
  "lockfileVersion": 3,
  "requires": true,
  "packages": {
    "": {
      "name": "naimuri_test",
      "version": "1.0.0",
      "license": "ISC",
      "dependencies": {
        "fast-cartesian": "^9.0.1"
      }
    },
    "node_modules/fast-cartesian": {
      "version": "9.0.1",
      "resolved": "https://registry.npmjs.org/fast-cartesian/-/fast-cartesian-9.0.1.tgz",
      "integrity": "sha512-5pFE28efDys358TzLGAOeOlrYjMD+EswAojWR+Si/bz0xjder3tZbWWnKumijf63ottxxzJFcoy36lRqHLCo9A==",
      "license": "Apache-2.0",
      "engines": {
        "node": ">=18.18.0"
      }
    }
  }
}
